
Microsoft Visual Studio Solution File, Format Version 12.00
# Visual Studio Version 17
VisualStudioVersion = 17.0.31903.59
MinimumVisualStudioVersion = 10.0.40219.1
Project("{FAE04EC0-301F-11D3-BF4B-00C04F79EFBC}") = "IWantApp", "IWantApp.csproj", "{BC9006B4-9670-409D-94AC-C8882E231295}"
EndProject
Global
	GlobalSection(SolutionConfigurationPlatforms) = preSolution
		Debug|Any CPU = Debug|Any CPU
		Release|Any CPU = Release|Any CPU
	EndGlobalSection
	GlobalSection(ProjectConfigurationPlatforms) = postSolution
		{BC9006B4-9670-409D-94AC-C8882E231295}.Debug|Any CPU.ActiveCfg = Debug|Any CPU
		{BC9006B4-9670-409D-94AC-C8882E231295}.Debug|Any CPU.Build.0 = Debug|Any CPU
		{BC9006B4-9670-409D-94AC-C8882E231295}.Release|Any CPU.ActiveCfg = Release|Any CPU
		{BC9006B4-9670-409D-94AC-C8882E231295}.Release|Any CPU.Build.0 = Release|Any CPU
	EndGlobalSection
	GlobalSection(SolutionProperties) = preSolution
		HideSolutionNode = FALSE
	EndGlobalSection
	GlobalSection(ExtensibilityGlobals) = postSolution
		SolutionGuid = {D4E4244A-DDB8-43FA-AFBD-C6601EC598DA}
	EndGlobalSection
EndGlobal
